
Microsoft Visual Studio Solution File, Format Version 12.00
# Visual Studio Version 17
VisualStudioVersion = 17.0.31903.59
MinimumVisualStudioVersion = 10.0.40219.1
Project("{9A19103F-16F7-4668-BE54-9A1E7A4F7556}") = "Consumidor", "Consumidor\Consumidor.csproj", "{2105E058-9263-4DC2-A230-29B8D24F65EE}"
EndProject
Project("{9A19103F-16F7-4668-BE54-9A1E7A4F7556}") = "Produtor", "Produtor\Produtor.csproj", "{D5510410-47A9-4AFB-B05E-BE6AF9650760}"
EndProject
Project("{9A19103F-16F7-4668-BE54-9A1E7A4F7556}") = "MasterKafka.API", "MasterKafka.API\MasterKafka.API.csproj", "{1816A2E5-D44C-4D03-BD60-B1099E1E7F0C}"
EndProject
Project("{9A19103F-16F7-4668-BE54-9A1E7A4F7556}") = "MasterKafka.MessageBus", "MasterKafka.MessageBus\MasterKafka.MessageBus.csproj", "{80471C08-2292-46A5-A33F-326737F272A9}"
EndProject
Project("{2150E333-8FDC-42A3-9474-1A3956D46DE8}") = "produtor-consumidor", "produtor-consumidor", "{275123F7-68DE-4D2B-8A8A-0C07EDA50F36}"
EndProject
Project("{2150E333-8FDC-42A3-9474-1A3956D46DE8}") = "migracao-dev-store", "migracao-dev-store", "{FEB32E35-8C4C-4717-A020-7071D5DFF17B}"
EndProject
Project("{2150E333-8FDC-42A3-9474-1A3956D46DE8}") = "kafka-avancado", "kafka-avancado", "{EEC23184-CC3C-4319-9BA2-B97C2E395ABA}"
EndProject
Global
	GlobalSection(SolutionConfigurationPlatforms) = preSolution
		Debug|Any CPU = Debug|Any CPU
		Release|Any CPU = Release|Any CPU
	EndGlobalSection
	GlobalSection(ProjectConfigurationPlatforms) = postSolution
		{2105E058-9263-4DC2-A230-29B8D24F65EE}.Debug|Any CPU.ActiveCfg = Debug|Any CPU
		{2105E058-9263-4DC2-A230-29B8D24F65EE}.Debug|Any CPU.Build.0 = Debug|Any CPU
		{2105E058-9263-4DC2-A230-29B8D24F65EE}.Release|Any CPU.ActiveCfg = Release|Any CPU
		{2105E058-9263-4DC2-A230-29B8D24F65EE}.Release|Any CPU.Build.0 = Release|Any CPU
		{D5510410-47A9-4AFB-B05E-BE6AF9650760}.Debug|Any CPU.ActiveCfg = Debug|Any CPU
		{D5510410-47A9-4AFB-B05E-BE6AF9650760}.Debug|Any CPU.Build.0 = Debug|Any CPU
		{D5510410-47A9-4AFB-B05E-BE6AF9650760}.Release|Any CPU.ActiveCfg = Release|Any CPU
		{D5510410-47A9-4AFB-B05E-BE6AF9650760}.Release|Any CPU.Build.0 = Release|Any CPU
		{1816A2E5-D44C-4D03-BD60-B1099E1E7F0C}.Debug|Any CPU.ActiveCfg = Debug|Any CPU
		{1816A2E5-D44C-4D03-BD60-B1099E1E7F0C}.Debug|Any CPU.Build.0 = Debug|Any CPU
		{1816A2E5-D44C-4D03-BD60-B1099E1E7F0C}.Release|Any CPU.ActiveCfg = Release|Any CPU
		{1816A2E5-D44C-4D03-BD60-B1099E1E7F0C}.Release|Any CPU.Build.0 = Release|Any CPU
		{80471C08-2292-46A5-A33F-326737F272A9}.Debug|Any CPU.ActiveCfg = Debug|Any CPU
		{80471C08-2292-46A5-A33F-326737F272A9}.Debug|Any CPU.Build.0 = Debug|Any CPU
		{80471C08-2292-46A5-A33F-326737F272A9}.Release|Any CPU.ActiveCfg = Release|Any CPU
		{80471C08-2292-46A5-A33F-326737F272A9}.Release|Any CPU.Build.0 = Release|Any CPU
	EndGlobalSection
	GlobalSection(SolutionProperties) = preSolution
		HideSolutionNode = FALSE
	EndGlobalSection
	GlobalSection(NestedProjects) = preSolution
		{2105E058-9263-4DC2-A230-29B8D24F65EE} = {275123F7-68DE-4D2B-8A8A-0C07EDA50F36}
		{D5510410-47A9-4AFB-B05E-BE6AF9650760} = {275123F7-68DE-4D2B-8A8A-0C07EDA50F36}
		{1816A2E5-D44C-4D03-BD60-B1099E1E7F0C} = {FEB32E35-8C4C-4717-A020-7071D5DFF17B}
		{80471C08-2292-46A5-A33F-326737F272A9} = {FEB32E35-8C4C-4717-A020-7071D5DFF17B}
	EndGlobalSection
	GlobalSection(ExtensibilityGlobals) = postSolution
		SolutionGuid = {57ADFF75-6280-4BCE-B471-D8A9CF9F41DE}
	EndGlobalSection
EndGlobal
