
Microsoft Visual Studio Solution File, Format Version 12.00
# Visual Studio Version 17
VisualStudioVersion = 17.0.31903.59
MinimumVisualStudioVersion = 10.0.40219.1
Project("{FAE04EC0-301F-11D3-BF4B-00C04F79EFBC}") = "Produtor", "Produtor\Produtor.csproj", "{3DEFE4BC-47CE-4BDB-86F4-AEAA3BA3968F}"
EndProject
Project("{FAE04EC0-301F-11D3-BF4B-00C04F79EFBC}") = "Consumidor", "Consumidor\Consumidor.csproj", "{53D49DC6-11AD-4E4C-A077-6C824831A4D6}"
EndProject
Global
	GlobalSection(SolutionConfigurationPlatforms) = preSolution
		Debug|Any CPU = Debug|Any CPU
		Release|Any CPU = Release|Any CPU
	EndGlobalSection
	GlobalSection(SolutionProperties) = preSolution
		HideSolutionNode = FALSE
	EndGlobalSection
	GlobalSection(ProjectConfigurationPlatforms) = postSolution
		{3DEFE4BC-47CE-4BDB-86F4-AEAA3BA3968F}.Debug|Any CPU.ActiveCfg = Debug|Any CPU
		{3DEFE4BC-47CE-4BDB-86F4-AEAA3BA3968F}.Debug|Any CPU.Build.0 = Debug|Any CPU
		{3DEFE4BC-47CE-4BDB-86F4-AEAA3BA3968F}.Release|Any CPU.ActiveCfg = Release|Any CPU
		{3DEFE4BC-47CE-4BDB-86F4-AEAA3BA3968F}.Release|Any CPU.Build.0 = Release|Any CPU
		{53D49DC6-11AD-4E4C-A077-6C824831A4D6}.Debug|Any CPU.ActiveCfg = Debug|Any CPU
		{53D49DC6-11AD-4E4C-A077-6C824831A4D6}.Debug|Any CPU.Build.0 = Debug|Any CPU
		{53D49DC6-11AD-4E4C-A077-6C824831A4D6}.Release|Any CPU.ActiveCfg = Release|Any CPU
		{53D49DC6-11AD-4E4C-A077-6C824831A4D6}.Release|Any CPU.Build.0 = Release|Any CPU
	EndGlobalSection
EndGlobal
